
Microsoft Visual Studio Solution File, Format Version 12.00
# Visual Studio Version 16
VisualStudioVersion = 16.0.30128.74
MinimumVisualStudioVersion = 10.0.40219.1
Project("{9A19103F-16F7-4668-BE54-9A1E7A4F7556}") = "opg-201910-interview", "opg-201910Base-master\opg-201910-interview.csproj", "{3508A972-B24E-4929-8190-8A623965A952}"
EndProject
Project("{FAE04EC0-301F-11D3-BF4B-00C04F79EFBC}") = "opg-services-test", "opg-services-test\opg-services-test.csproj", "{46DF176E-59DE-4291-8E57-C0B50AFB32D2}"
EndProject
Global
	GlobalSection(SolutionConfigurationPlatforms) = preSolution
		Debug|Any CPU = Debug|Any CPU
		Release|Any CPU = Release|Any CPU
	EndGlobalSection
	GlobalSection(ProjectConfigurationPlatforms) = postSolution
		{3508A972-B24E-4929-8190-8A623965A952}.Debug|Any CPU.ActiveCfg = Debug|Any CPU
		{3508A972-B24E-4929-8190-8A623965A952}.Debug|Any CPU.Build.0 = Debug|Any CPU
		{3508A972-B24E-4929-8190-8A623965A952}.Release|Any CPU.ActiveCfg = Release|Any CPU
		{3508A972-B24E-4929-8190-8A623965A952}.Release|Any CPU.Build.0 = Release|Any CPU
		{46DF176E-59DE-4291-8E57-C0B50AFB32D2}.Debug|Any CPU.ActiveCfg = Debug|Any CPU
		{46DF176E-59DE-4291-8E57-C0B50AFB32D2}.Debug|Any CPU.Build.0 = Debug|Any CPU
		{46DF176E-59DE-4291-8E57-C0B50AFB32D2}.Release|Any CPU.ActiveCfg = Release|Any CPU
		{46DF176E-59DE-4291-8E57-C0B50AFB32D2}.Release|Any CPU.Build.0 = Release|Any CPU
	EndGlobalSection
	GlobalSection(SolutionProperties) = preSolution
		HideSolutionNode = FALSE
	EndGlobalSection
	GlobalSection(ExtensibilityGlobals) = postSolution
		SolutionGuid = {E5D1F50E-4349-4382-A86B-3AC92F84348C}
	EndGlobalSection
EndGlobal
